// !$*UTF8*$!
{
	archiveVersion = 1;
	classes = {
	};
	objectVersion = 77;
	objects = {

/* Begin PBXBuildFile section */
		03535BE534BF0E273143EF43 /* DeviceLocation.swift in Sources */ = {isa = PBXBuildFile; fileRef = 778CF9A6DFB10EB7642EBDB2 /* DeviceLocation.swift */; };
		1C2F3444B40453DD1C20BCFB /* DeckCardView.swift in Sources */ = {isa = PBXBuildFile; fileRef = EBC80EB016E62A55F7388473 /* DeckCardView.swift */; };
		2CE3D21BF31415C78FAFFF22 /* LaunchTests.swift in Sources */ = {isa = PBXBuildFile; fileRef = CDFAF5DB1A7749351672C27D /* LaunchTests.swift */; };
		31C4579D00ACA12576F06DA9 /* adhkar.v1.json in Resources */ = {isa = PBXBuildFile; fileRef = C91EA781FB90F2751708543C /* adhkar.v1.json */; };
		331C903B842175A6D0DB58DC /* ArabicFormat.swift in Sources */ = {isa = PBXBuildFile; fileRef = 0E4AD34E1322C50C5A27E4EE /* ArabicFormat.swift */; };
		4E91716F1AF0790792D14443 /* DeckRegressionUITests.swift in Sources */ = {isa = PBXBuildFile; fileRef = 407BB19D7AB1166FDC9D2461 /* DeckRegressionUITests.swift */; };
		5885800F296C6AA0500D00D9 /* AppModel.swift in Sources */ = {isa = PBXBuildFile; fileRef = 204F141E2D9C1C962271896B /* AppModel.swift */; };
		5C915E6E494ED2A237B9DB4C /* OtherSectionsView.swift in Sources */ = {isa = PBXBuildFile; fileRef = 6D50C29033C92AD1ECF9B325 /* OtherSectionsView.swift */; };
		5EC619494202CD6CC6EF42B0 /* AthkarCore in Frameworks */ = {isa = PBXBuildFile; productRef = E6B3694BE1E4F864C8A979F8 /* AthkarCore */; };
		631DE3FFF355B37C2CC33BDE /* DeckModel.swift in Sources */ = {isa = PBXBuildFile; fileRef = CC4723AB110276E031039F64 /* DeckModel.swift */; };
		6323D403D9C346B66AAEB878 /* DeckDialogs.swift in Sources */ = {isa = PBXBuildFile; fileRef = 58B2E2B3B44466BF8C29FE4A /* DeckDialogs.swift */; };
		647E3F043654C0787FDD2DBF /* BundledContent.swift in Sources */ = {isa = PBXBuildFile; fileRef = 11171CCC784D1B7FD1830ACE /* BundledContent.swift */; };
		64B683DDF039D486630601E7 /* Haptics.swift in Sources */ = {isa = PBXBuildFile; fileRef = A9B85A291084AF937C35C88A /* Haptics.swift */; };
		7621076F835B4009C2D7C21F /* DeckUITests.swift in Sources */ = {isa = PBXBuildFile; fileRef = 12427B8BADEDCAF23C15E22C /* DeckUITests.swift */; };
		83DD627C7721197F32CE0AA2 /* ruqyah.v1.json in Resources */ = {isa = PBXBuildFile; fileRef = CE857DADF37638C3F15FE817 /* ruqyah.v1.json */; };
		86D1B76D0D17EED9D512AC23 /* Palette.swift in Sources */ = {isa = PBXBuildFile; fileRef = BFB58FFE726BCFBEEA1ED7E4 /* Palette.swift */; };
		932D3B146B29CF85FC33DCC2 /* SettingsView.swift in Sources */ = {isa = PBXBuildFile; fileRef = FB2F99B6FBD6922278D08ED4 /* SettingsView.swift */; };
		A06DC5D44DC79BA41CF265A5 /* Assets.xcassets in Resources */ = {isa = PBXBuildFile; fileRef = DEDDB713CE939FA556214E4E /* Assets.xcassets */; };
		AC0CBB171C4E5A5B9BC88071 /* AutoFitUITests.swift in Sources */ = {isa = PBXBuildFile; fileRef = B88E3BD6816278BEE77D9409 /* AutoFitUITests.swift */; };
		B8685A7D7E4A58C43B82ED4A /* kfgqpc-uthman-taha-naskh.ttf in Resources */ = {isa = PBXBuildFile; fileRef = 3F2D7A0CB0E1E8C5226E94EA /* kfgqpc-uthman-taha-naskh.ttf */; };
		BBB61F362C89406FBF1C96F5 /* AdhkarDeckModel.swift in Sources */ = {isa = PBXBuildFile; fileRef = A69E443B335C7F687972315F /* AdhkarDeckModel.swift */; };
		BCF19B9430753C5AAA71527B /* ReadingMetrics.swift in Sources */ = {isa = PBXBuildFile; fileRef = 17E2113811648BD4F3F09BDC /* ReadingMetrics.swift */; };
		C21E8EBF6910E697C635F044 /* DeckView.swift in Sources */ = {isa = PBXBuildFile; fileRef = B714704C81ED5A22715203DD /* DeckView.swift */; };
		D02A8778E2AA064DFEE962CB /* ScreenshotUITests.swift in Sources */ = {isa = PBXBuildFile; fileRef = B36120CD1E9397C75C966E81 /* ScreenshotUITests.swift */; };
		D51BA409C1752A4CDD7535A5 /* UITestSupport.swift in Sources */ = {isa = PBXBuildFile; fileRef = 042329F8B233CEB3D355A537 /* UITestSupport.swift */; };
		D8AC9EC9C4C162E757610DB8 /* RuqyahDeckModel.swift in Sources */ = {isa = PBXBuildFile; fileRef = E05A1241DE107B7859BD4291 /* RuqyahDeckModel.swift */; };
		DFDF1111CCFA43A6D30C55BF /* kfgqpc-hafs-v30.ttf in Resources */ = {isa = PBXBuildFile; fileRef = A82F0F70D83610DEBB048A9D /* kfgqpc-hafs-v30.ttf */; };
		E911B7C835AB424C6EA284BE /* AthkarApp.swift in Sources */ = {isa = PBXBuildFile; fileRef = 4DD65FDE62EB6D317DBC1DED /* AthkarApp.swift */; };
		F4819FD0FD6DC7F32DF5BAAA /* HomeView.swift in Sources */ = {isa = PBXBuildFile; fileRef = F4280DECA9C457370A36B4B3 /* HomeView.swift */; };
		F96134CFA1F9A4AF648287CC /* manifest.json in Resources */ = {isa = PBXBuildFile; fileRef = 3CADA9419CAC70B90CD19CFD /* manifest.json */; };
		FCA6B5C02D47830635FFFFE5 /* TestHooks.swift in Sources */ = {isa = PBXBuildFile; fileRef = CD75292C037557D011FF2D90 /* TestHooks.swift */; };
/* End PBXBuildFile section */

/* Begin PBXContainerItemProxy section */
		CE758E3A20F00726F9E3596D /* PBXContainerItemProxy */ = {
			isa = PBXContainerItemProxy;
			containerPortal = 689A1A5DE3480CCF8BBD4E14 /* Project object */;
			proxyType = 1;
			remoteGlobalIDString = B982E3F066B543AA4AC3C561;
			remoteInfo = Athkar;
		};
/* End PBXContainerItemProxy section */

/* Begin PBXFileReference section */
		042329F8B233CEB3D355A537 /* UITestSupport.swift */ = {isa = PBXFileReference; lastKnownFileType = sourcecode.swift; path = UITestSupport.swift; sourceTree = "<group>"; };
		0E4AD34E1322C50C5A27E4EE /* ArabicFormat.swift */ = {isa = PBXFileReference; lastKnownFileType = sourcecode.swift; path = ArabicFormat.swift; sourceTree = "<group>"; };
		11171CCC784D1B7FD1830ACE /* BundledContent.swift */ = {isa = PBXFileReference; lastKnownFileType = sourcecode.swift; path = BundledContent.swift; sourceTree = "<group>"; };
		12427B8BADEDCAF23C15E22C /* DeckUITests.swift */ = {isa = PBXFileReference; lastKnownFileType = sourcecode.swift; path = DeckUITests.swift; sourceTree = "<group>"; };
		17E2113811648BD4F3F09BDC /* ReadingMetrics.swift */ = {isa = PBXFileReference; lastKnownFileType = sourcecode.swift; path = ReadingMetrics.swift; sourceTree = "<group>"; };
		204F141E2D9C1C962271896B /* AppModel.swift */ = {isa = PBXFileReference; lastKnownFileType = sourcecode.swift; path = AppModel.swift; sourceTree = "<group>"; };
		27D2779D803C0DEA8171968D /* AthkarCore */ = {isa = PBXFileReference; lastKnownFileType = folder; name = AthkarCore; path = AthkarCore; sourceTree = SOURCE_ROOT; };
		3CADA9419CAC70B90CD19CFD /* manifest.json */ = {isa = PBXFileReference; lastKnownFileType = text.json; name = manifest.json; path = ../content/manifest.json; sourceTree = "<group>"; };
		3E509373D577090EF775F065 /* Info.plist */ = {isa = PBXFileReference; lastKnownFileType = text.plist; path = Info.plist; sourceTree = "<group>"; };
		3F2D7A0CB0E1E8C5226E94EA /* kfgqpc-uthman-taha-naskh.ttf */ = {isa = PBXFileReference; lastKnownFileType = file; name = "kfgqpc-uthman-taha-naskh.ttf"; path = "../fonts/kfgqpc-uthman-taha-naskh.ttf"; sourceTree = "<group>"; };
		407BB19D7AB1166FDC9D2461 /* DeckRegressionUITests.swift */ = {isa = PBXFileReference; lastKnownFileType = sourcecode.swift; path = DeckRegressionUITests.swift; sourceTree = "<group>"; };
		4DD65FDE62EB6D317DBC1DED /* AthkarApp.swift */ = {isa = PBXFileReference; lastKnownFileType = sourcecode.swift; path = AthkarApp.swift; sourceTree = "<group>"; };
		58B2E2B3B44466BF8C29FE4A /* DeckDialogs.swift */ = {isa = PBXFileReference; lastKnownFileType = sourcecode.swift; path = DeckDialogs.swift; sourceTree = "<group>"; };
		6D50C29033C92AD1ECF9B325 /* OtherSectionsView.swift */ = {isa = PBXFileReference; lastKnownFileType = sourcecode.swift; path = OtherSectionsView.swift; sourceTree = "<group>"; };
		778CF9A6DFB10EB7642EBDB2 /* DeviceLocation.swift */ = {isa = PBXFileReference; lastKnownFileType = sourcecode.swift; path = DeviceLocation.swift; sourceTree = "<group>"; };
		91C4C2C86BC2CCAA54194818 /* AthkarUITests.xctest */ = {isa = PBXFileReference; includeInIndex = 0; lastKnownFileType = wrapper.cfbundle; path = AthkarUITests.xctest; sourceTree = BUILT_PRODUCTS_DIR; };
		A69E443B335C7F687972315F /* AdhkarDeckModel.swift */ = {isa = PBXFileReference; lastKnownFileType = sourcecode.swift; path = AdhkarDeckModel.swift; sourceTree = "<group>"; };
		A82F0F70D83610DEBB048A9D /* kfgqpc-hafs-v30.ttf */ = {isa = PBXFileReference; lastKnownFileType = file; name = "kfgqpc-hafs-v30.ttf"; path = "../fonts/kfgqpc-hafs-v30.ttf"; sourceTree = "<group>"; };
		A9B85A291084AF937C35C88A /* Haptics.swift */ = {isa = PBXFileReference; lastKnownFileType = sourcecode.swift; path = Haptics.swift; sourceTree = "<group>"; };
		B36120CD1E9397C75C966E81 /* ScreenshotUITests.swift */ = {isa = PBXFileReference; lastKnownFileType = sourcecode.swift; path = ScreenshotUITests.swift; sourceTree = "<group>"; };
		B714704C81ED5A22715203DD /* DeckView.swift */ = {isa = PBXFileReference; lastKnownFileType = sourcecode.swift; path = DeckView.swift; sourceTree = "<group>"; };
		B88E3BD6816278BEE77D9409 /* AutoFitUITests.swift */ = {isa = PBXFileReference; lastKnownFileType = sourcecode.swift; path = AutoFitUITests.swift; sourceTree = "<group>"; };
		BFB58FFE726BCFBEEA1ED7E4 /* Palette.swift */ = {isa = PBXFileReference; lastKnownFileType = sourcecode.swift; path = Palette.swift; sourceTree = "<group>"; };
		C91EA781FB90F2751708543C /* adhkar.v1.json */ = {isa = PBXFileReference; lastKnownFileType = text.json; name = adhkar.v1.json; path = ../content/adhkar.v1.json; sourceTree = "<group>"; };
		CC4723AB110276E031039F64 /* DeckModel.swift */ = {isa = PBXFileReference; lastKnownFileType = sourcecode.swift; path = DeckModel.swift; sourceTree = "<group>"; };
		CD75292C037557D011FF2D90 /* TestHooks.swift */ = {isa = PBXFileReference; lastKnownFileType = sourcecode.swift; path = TestHooks.swift; sourceTree = "<group>"; };
		CDFAF5DB1A7749351672C27D /* LaunchTests.swift */ = {isa = PBXFileReference; lastKnownFileType = sourcecode.swift; path = LaunchTests.swift; sourceTree = "<group>"; };
		CE857DADF37638C3F15FE817 /* ruqyah.v1.json */ = {isa = PBXFileReference; lastKnownFileType = text.json; name = ruqyah.v1.json; path = ../content/ruqyah.v1.json; sourceTree = "<group>"; };
		DEDDB713CE939FA556214E4E /* Assets.xcassets */ = {isa = PBXFileReference; lastKnownFileType = folder.assetcatalog; path = Assets.xcassets; sourceTree = "<group>"; };
		E05A1241DE107B7859BD4291 /* RuqyahDeckModel.swift */ = {isa = PBXFileReference; lastKnownFileType = sourcecode.swift; path = RuqyahDeckModel.swift; sourceTree = "<group>"; };
		EBC80EB016E62A55F7388473 /* DeckCardView.swift */ = {isa = PBXFileReference; lastKnownFileType = sourcecode.swift; path = DeckCardView.swift; sourceTree = "<group>"; };
		F4280DECA9C457370A36B4B3 /* HomeView.swift */ = {isa = PBXFileReference; lastKnownFileType = sourcecode.swift; path = HomeView.swift; sourceTree = "<group>"; };
		F929F51376FB4D006FBF1BD2 /* Athkar.app */ = {isa = PBXFileReference; includeInIndex = 0; lastKnownFileType = wrapper.application; path = Athkar.app; sourceTree = BUILT_PRODUCTS_DIR; };
		FB2F99B6FBD6922278D08ED4 /* SettingsView.swift */ = {isa = PBXFileReference; lastKnownFileType = sourcecode.swift; path = SettingsView.swift; sourceTree = "<group>"; };
/* End PBXFileReference section */

/* Begin PBXFrameworksBuildPhase section */
		3BEE4D21FC0FEA7F6244489B /* Frameworks */ = {
			isa = PBXFrameworksBuildPhase;
			buildActionMask = 2147483647;
			files = (
				5EC619494202CD6CC6EF42B0 /* AthkarCore in Frameworks */,
			);
			runOnlyForDeploymentPostprocessing = 0;
		};
/* End PBXFrameworksBuildPhase section */

/* Begin PBXGroup section */
		0B6738EC7BA2292971E87FB5 /* Platform */ = {
			isa = PBXGroup;
			children = (
				A9B85A291084AF937C35C88A /* Haptics.swift */,
			);
			path = Platform;
			sourceTree = "<group>";
		};
		39A4C9B349AE0CF4DA390704 /* Athkar */ = {
			isa = PBXGroup;
			children = (
				DEDDB713CE939FA556214E4E /* Assets.xcassets */,
				4DD65FDE62EB6D317DBC1DED /* AthkarApp.swift */,
				778CF9A6DFB10EB7642EBDB2 /* DeviceLocation.swift */,
				3E509373D577090EF775F065 /* Info.plist */,
				B31AD3EADEB50817825D54B4 /* App */,
				698EEA3E3F84F0119408EB40 /* Content */,
				58472DE5A94A96201A7D36B4 /* Deck */,
				8B1F748FE0CF29EBBC198B92 /* Design */,
				0B6738EC7BA2292971E87FB5 /* Platform */,
				4A19A294B20B9DCEC455FD7F /* Screens */,
			);
			path = Athkar;
			sourceTree = "<group>";
		};
		4A19A294B20B9DCEC455FD7F /* Screens */ = {
			isa = PBXGroup;
			children = (
				58B2E2B3B44466BF8C29FE4A /* DeckDialogs.swift */,
				F4280DECA9C457370A36B4B3 /* HomeView.swift */,
				6D50C29033C92AD1ECF9B325 /* OtherSectionsView.swift */,
				FB2F99B6FBD6922278D08ED4 /* SettingsView.swift */,
			);
			path = Screens;
			sourceTree = "<group>";
		};
		526A3F1070A709238B2FA209 = {
			isa = PBXGroup;
			children = (
				39A4C9B349AE0CF4DA390704 /* Athkar */,
				C3F44EC7B0E83798DB90A34E /* AthkarUITests */,
				8BFC91173D6036662E7FE2FC /* Packages */,
				57A5B2411EE3787C36B17DEF /* Resources */,
				BC5A628FB3B3EAB729CE859F /* Products */,
			);
			sourceTree = "<group>";
		};
		57A5B2411EE3787C36B17DEF /* Resources */ = {
			isa = PBXGroup;
			children = (
				C91EA781FB90F2751708543C /* adhkar.v1.json */,
				A82F0F70D83610DEBB048A9D /* kfgqpc-hafs-v30.ttf */,
				3F2D7A0CB0E1E8C5226E94EA /* kfgqpc-uthman-taha-naskh.ttf */,
				3CADA9419CAC70B90CD19CFD /* manifest.json */,
				CE857DADF37638C3F15FE817 /* ruqyah.v1.json */,
			);
			name = Resources;
			sourceTree = "<group>";
		};
		58472DE5A94A96201A7D36B4 /* Deck */ = {
			isa = PBXGroup;
			children = (
				A69E443B335C7F687972315F /* AdhkarDeckModel.swift */,
				EBC80EB016E62A55F7388473 /* DeckCardView.swift */,
				CC4723AB110276E031039F64 /* DeckModel.swift */,
				B714704C81ED5A22715203DD /* DeckView.swift */,
				E05A1241DE107B7859BD4291 /* RuqyahDeckModel.swift */,
			);
			path = Deck;
			sourceTree = "<group>";
		};
		698EEA3E3F84F0119408EB40 /* Content */ = {
			isa = PBXGroup;
			children = (
				11171CCC784D1B7FD1830ACE /* BundledContent.swift */,
			);
			path = Content;
			sourceTree = "<group>";
		};
		8B1F748FE0CF29EBBC198B92 /* Design */ = {
			isa = PBXGroup;
			children = (
				0E4AD34E1322C50C5A27E4EE /* ArabicFormat.swift */,
				BFB58FFE726BCFBEEA1ED7E4 /* Palette.swift */,
				17E2113811648BD4F3F09BDC /* ReadingMetrics.swift */,
			);
			path = Design;
			sourceTree = "<group>";
		};
		8BFC91173D6036662E7FE2FC /* Packages */ = {
			isa = PBXGroup;
			children = (
				27D2779D803C0DEA8171968D /* AthkarCore */,
			);
			name = Packages;
			sourceTree = "<group>";
		};
		B31AD3EADEB50817825D54B4 /* App */ = {
			isa = PBXGroup;
			children = (
				204F141E2D9C1C962271896B /* AppModel.swift */,
				CD75292C037557D011FF2D90 /* TestHooks.swift */,
			);
			path = App;
			sourceTree = "<group>";
		};
		BC5A628FB3B3EAB729CE859F /* Products */ = {
			isa = PBXGroup;
			children = (
				F929F51376FB4D006FBF1BD2 /* Athkar.app */,
				91C4C2C86BC2CCAA54194818 /* AthkarUITests.xctest */,
			);
			name = Products;
			sourceTree = "<group>";
		};
		C3F44EC7B0E83798DB90A34E /* AthkarUITests */ = {
			isa = PBXGroup;
			children = (
				B88E3BD6816278BEE77D9409 /* AutoFitUITests.swift */,
				407BB19D7AB1166FDC9D2461 /* DeckRegressionUITests.swift */,
				12427B8BADEDCAF23C15E22C /* DeckUITests.swift */,
				CDFAF5DB1A7749351672C27D /* LaunchTests.swift */,
				B36120CD1E9397C75C966E81 /* ScreenshotUITests.swift */,
				042329F8B233CEB3D355A537 /* UITestSupport.swift */,
			);
			path = AthkarUITests;
			sourceTree = "<group>";
		};
/* End PBXGroup section */

/* Begin PBXNativeTarget section */
		3B90CB725DD955C4A3030FCC /* AthkarUITests */ = {
			isa = PBXNativeTarget;
			buildConfigurationList = 7EB466123F86589B1AA9476A /* Build configuration list for PBXNativeTarget "AthkarUITests" */;
			buildPhases = (
				A61CE1B3D1EBCAD252494BD9 /* Sources */,
			);
			buildRules = (
			);
			dependencies = (
				6CDD4CA6D566B78F96C6C80E /* PBXTargetDependency */,
			);
			name = AthkarUITests;
			packageProductDependencies = (
			);
			productName = AthkarUITests;
			productReference = 91C4C2C86BC2CCAA54194818 /* AthkarUITests.xctest */;
			productType = "com.apple.product-type.bundle.ui-testing";
		};
		B982E3F066B543AA4AC3C561 /* Athkar */ = {
			isa = PBXNativeTarget;
			buildConfigurationList = E901E7F1BD6ECE9AC3112533 /* Build configuration list for PBXNativeTarget "Athkar" */;
			buildPhases = (
				4998449685ADCF04BFEAFC1E /* Sources */,
				E6A28DD3E251FA6ED567F372 /* Resources */,
				3BEE4D21FC0FEA7F6244489B /* Frameworks */,
			);
			buildRules = (
			);
			dependencies = (
			);
			name = Athkar;
			packageProductDependencies = (
				E6B3694BE1E4F864C8A979F8 /* AthkarCore */,
			);
			productName = Athkar;
			productReference = F929F51376FB4D006FBF1BD2 /* Athkar.app */;
			productType = "com.apple.product-type.application";
		};
/* End PBXNativeTarget section */

/* Begin PBXProject section */
		689A1A5DE3480CCF8BBD4E14 /* Project object */ = {
			isa = PBXProject;
			attributes = {
				BuildIndependentTargetsInParallel = YES;
				LastUpgradeCheck = 1430;
				TargetAttributes = {
					3B90CB725DD955C4A3030FCC = {
						DevelopmentTeam = "";
						ProvisioningStyle = Automatic;
						TestTargetID = B982E3F066B543AA4AC3C561;
					};
					B982E3F066B543AA4AC3C561 = {
						DevelopmentTeam = "";
						ProvisioningStyle = Automatic;
					};
				};
			};
			buildConfigurationList = 0E797AC932EEF1BAC2DC7E9E /* Build configuration list for PBXProject "Athkar" */;
			developmentRegion = ar;
			hasScannedForEncodings = 0;
			knownRegions = (
				Base,
				ar,
			);
			mainGroup = 526A3F1070A709238B2FA209;
			minimizedProjectReferenceProxies = 1;
			packageReferences = (
				2DC4FF0EE5F47402FDD1FBE0 /* XCLocalSwiftPackageReference "AthkarCore" */,
			);
			preferredProjectObjectVersion = 77;
			productRefGroup = BC5A628FB3B3EAB729CE859F /* Products */;
			projectDirPath = "";
			projectRoot = "";
			targets = (
				B982E3F066B543AA4AC3C561 /* Athkar */,
				3B90CB725DD955C4A3030FCC /* AthkarUITests */,
			);
		};
/* End PBXProject section */

/* Begin PBXResourcesBuildPhase section */
		E6A28DD3E251FA6ED567F372 /* Resources */ = {
			isa = PBXResourcesBuildPhase;
			buildActionMask = 2147483647;
			files = (
				A06DC5D44DC79BA41CF265A5 /* Assets.xcassets in Resources */,
				31C4579D00ACA12576F06DA9 /* adhkar.v1.json in Resources */,
				DFDF1111CCFA43A6D30C55BF /* kfgqpc-hafs-v30.ttf in Resources */,
				B8685A7D7E4A58C43B82ED4A /* kfgqpc-uthman-taha-naskh.ttf in Resources */,
				F96134CFA1F9A4AF648287CC /* manifest.json in Resources */,
				83DD627C7721197F32CE0AA2 /* ruqyah.v1.json in Resources */,
			);
			runOnlyForDeploymentPostprocessing = 0;
		};
/* End PBXResourcesBuildPhase section */

/* Begin PBXSourcesBuildPhase section */
		4998449685ADCF04BFEAFC1E /* Sources */ = {
			isa = PBXSourcesBuildPhase;
			buildActionMask = 2147483647;
			files = (
				BBB61F362C89406FBF1C96F5 /* AdhkarDeckModel.swift in Sources */,
				5885800F296C6AA0500D00D9 /* AppModel.swift in Sources */,
				331C903B842175A6D0DB58DC /* ArabicFormat.swift in Sources */,
				E911B7C835AB424C6EA284BE /* AthkarApp.swift in Sources */,
				647E3F043654C0787FDD2DBF /* BundledContent.swift in Sources */,
				1C2F3444B40453DD1C20BCFB /* DeckCardView.swift in Sources */,
				6323D403D9C346B66AAEB878 /* DeckDialogs.swift in Sources */,
				631DE3FFF355B37C2CC33BDE /* DeckModel.swift in Sources */,
				C21E8EBF6910E697C635F044 /* DeckView.swift in Sources */,
				03535BE534BF0E273143EF43 /* DeviceLocation.swift in Sources */,
				64B683DDF039D486630601E7 /* Haptics.swift in Sources */,
				F4819FD0FD6DC7F32DF5BAAA /* HomeView.swift in Sources */,
				5C915E6E494ED2A237B9DB4C /* OtherSectionsView.swift in Sources */,
				86D1B76D0D17EED9D512AC23 /* Palette.swift in Sources */,
				BCF19B9430753C5AAA71527B /* ReadingMetrics.swift in Sources */,
				D8AC9EC9C4C162E757610DB8 /* RuqyahDeckModel.swift in Sources */,
				932D3B146B29CF85FC33DCC2 /* SettingsView.swift in Sources */,
				FCA6B5C02D47830635FFFFE5 /* TestHooks.swift in Sources */,
			);
			runOnlyForDeploymentPostprocessing = 0;
		};
		A61CE1B3D1EBCAD252494BD9 /* Sources */ = {
			isa = PBXSourcesBuildPhase;
			buildActionMask = 2147483647;
			files = (
				AC0CBB171C4E5A5B9BC88071 /* AutoFitUITests.swift in Sources */,
				4E91716F1AF0790792D14443 /* DeckRegressionUITests.swift in Sources */,
				7621076F835B4009C2D7C21F /* DeckUITests.swift in Sources */,
				2CE3D21BF31415C78FAFFF22 /* LaunchTests.swift in Sources */,
				D02A8778E2AA064DFEE962CB /* ScreenshotUITests.swift in Sources */,
				D51BA409C1752A4CDD7535A5 /* UITestSupport.swift in Sources */,
			);
			runOnlyForDeploymentPostprocessing = 0;
		};
/* End PBXSourcesBuildPhase section */

/* Begin PBXTargetDependency section */
		6CDD4CA6D566B78F96C6C80E /* PBXTargetDependency */ = {
			isa = PBXTargetDependency;
			target = B982E3F066B543AA4AC3C561 /* Athkar */;
			targetProxy = CE758E3A20F00726F9E3596D /* PBXContainerItemProxy */;
		};
/* End PBXTargetDependency section */

/* Begin XCBuildConfiguration section */
		4C9EE203FBF828D35EE74DAD /* Release */ = {
			isa = XCBuildConfiguration;
			buildSettings = {
				BUNDLE_LOADER = "$(TEST_HOST)";
				GENERATE_INFOPLIST_FILE = YES;
				LD_RUNPATH_SEARCH_PATHS = (
					"$(inherited)",
					"@executable_path/Frameworks",
					"@loader_path/Frameworks",
				);
				PRODUCT_BUNDLE_IDENTIFIER = local.dev.athkar.uitests;
				SDKROOT = iphoneos;
				TARGETED_DEVICE_FAMILY = "1,2";
				TEST_TARGET_NAME = Athkar;
			};
			name = Release;
		};
		5CEB8AA952767989D2D6C152 /* Debug */ = {
			isa = XCBuildConfiguration;
			buildSettings = {
				ALWAYS_SEARCH_USER_PATHS = NO;
				CLANG_ANALYZER_NONNULL = YES;
				CLANG_ANALYZER_NUMBER_OBJECT_CONVERSION = YES_AGGRESSIVE;
				CLANG_CXX_LANGUAGE_STANDARD = "gnu++14";
				CLANG_CXX_LIBRARY = "libc++";
				CLANG_ENABLE_MODULES = YES;
				CLANG_ENABLE_OBJC_ARC = YES;
				CLANG_ENABLE_OBJC_WEAK = YES;
				CLANG_WARN_BLOCK_CAPTURE_AUTORELEASING = YES;
				CLANG_WARN_BOOL_CONVERSION = YES;
				CLANG_WARN_COMMA = YES;
				CLANG_WARN_CONSTANT_CONVERSION = YES;
				CLANG_WARN_DEPRECATED_OBJC_IMPLEMENTATIONS = YES;
				CLANG_WARN_DIRECT_OBJC_ISA_USAGE = YES_ERROR;
				CLANG_WARN_DOCUMENTATION_COMMENTS = YES;
				CLANG_WARN_EMPTY_BODY = YES;
				CLANG_WARN_ENUM_CONVERSION = YES;
				CLANG_WARN_INFINITE_RECURSION = YES;
				CLANG_WARN_INT_CONVERSION = YES;
				CLANG_WARN_NON_LITERAL_NULL_CONVERSION = YES;
				CLANG_WARN_OBJC_IMPLICIT_RETAIN_SELF = YES;
				CLANG_WARN_OBJC_LITERAL_CONVERSION = YES;
				CLANG_WARN_OBJC_ROOT_CLASS = YES_ERROR;
				CLANG_WARN_QUOTED_INCLUDE_IN_FRAMEWORK_HEADER = YES;
				CLANG_WARN_RANGE_LOOP_ANALYSIS = YES;
				CLANG_WARN_STRICT_PROTOTYPES = YES;
				CLANG_WARN_SUSPICIOUS_MOVE = YES;
				CLANG_WARN_UNGUARDED_AVAILABILITY = YES_AGGRESSIVE;
				CLANG_WARN_UNREACHABLE_CODE = YES;
				CLANG_WARN__DUPLICATE_METHOD_MATCH = YES;
				CODE_SIGN_STYLE = Automatic;
				COPY_PHASE_STRIP = NO;
				DEBUG_INFORMATION_FORMAT = dwarf;
				DEVELOPMENT_TEAM = "";
				ENABLE_STRICT_OBJC_MSGSEND = YES;
				ENABLE_TESTABILITY = YES;
				GCC_C_LANGUAGE_STANDARD = gnu11;
				GCC_DYNAMIC_NO_PIC = NO;
				GCC_NO_COMMON_BLOCKS = YES;
				GCC_OPTIMIZATION_LEVEL = 0;
				GCC_PREPROCESSOR_DEFINITIONS = (
					"$(inherited)",
					"DEBUG=1",
				);
				GCC_WARN_64_TO_32_BIT_CONVERSION = YES;
				GCC_WARN_ABOUT_RETURN_TYPE = YES_ERROR;
				GCC_WARN_UNDECLARED_SELECTOR = YES;
				GCC_WARN_UNINITIALIZED_AUTOS = YES_AGGRESSIVE;
				GCC_WARN_UNUSED_FUNCTION = YES;
				GCC_WARN_UNUSED_VARIABLE = YES;
				IPHONEOS_DEPLOYMENT_TARGET = 17.0;
				MTL_ENABLE_DEBUG_INFO = INCLUDE_SOURCE;
				MTL_FAST_MATH = YES;
				ONLY_ACTIVE_ARCH = YES;
				PRODUCT_BUNDLE_IDENTIFIER = local.dev.athkar;
				PRODUCT_NAME = "$(TARGET_NAME)";
				SDKROOT = iphoneos;
				SWIFT_ACTIVE_COMPILATION_CONDITIONS = DEBUG;
				SWIFT_OPTIMIZATION_LEVEL = "-Onone";
				SWIFT_VERSION = 6.0;
			};
			name = Debug;
		};
		7935F6788CE42E8AD5CC68CF /* Release */ = {
			isa = XCBuildConfiguration;
			buildSettings = {
				ALWAYS_SEARCH_USER_PATHS = NO;
				CLANG_ANALYZER_NONNULL = YES;
				CLANG_ANALYZER_NUMBER_OBJECT_CONVERSION = YES_AGGRESSIVE;
				CLANG_CXX_LANGUAGE_STANDARD = "gnu++14";
				CLANG_CXX_LIBRARY = "libc++";
				CLANG_ENABLE_MODULES = YES;
				CLANG_ENABLE_OBJC_ARC = YES;
				CLANG_ENABLE_OBJC_WEAK = YES;
				CLANG_WARN_BLOCK_CAPTURE_AUTORELEASING = YES;
				CLANG_WARN_BOOL_CONVERSION = YES;
				CLANG_WARN_COMMA = YES;
				CLANG_WARN_CONSTANT_CONVERSION = YES;
				CLANG_WARN_DEPRECATED_OBJC_IMPLEMENTATIONS = YES;
				CLANG_WARN_DIRECT_OBJC_ISA_USAGE = YES_ERROR;
				CLANG_WARN_DOCUMENTATION_COMMENTS = YES;
				CLANG_WARN_EMPTY_BODY = YES;
				CLANG_WARN_ENUM_CONVERSION = YES;
				CLANG_WARN_INFINITE_RECURSION = YES;
				CLANG_WARN_INT_CONVERSION = YES;
				CLANG_WARN_NON_LITERAL_NULL_CONVERSION = YES;
				CLANG_WARN_OBJC_IMPLICIT_RETAIN_SELF = YES;
				CLANG_WARN_OBJC_LITERAL_CONVERSION = YES;
				CLANG_WARN_OBJC_ROOT_CLASS = YES_ERROR;
				CLANG_WARN_QUOTED_INCLUDE_IN_FRAMEWORK_HEADER = YES;
				CLANG_WARN_RANGE_LOOP_ANALYSIS = YES;
				CLANG_WARN_STRICT_PROTOTYPES = YES;
				CLANG_WARN_SUSPICIOUS_MOVE = YES;
				CLANG_WARN_UNGUARDED_AVAILABILITY = YES_AGGRESSIVE;
				CLANG_WARN_UNREACHABLE_CODE = YES;
				CLANG_WARN__DUPLICATE_METHOD_MATCH = YES;
				CODE_SIGN_STYLE = Automatic;
				COPY_PHASE_STRIP = NO;
				DEBUG_INFORMATION_FORMAT = "dwarf-with-dsym";
				DEVELOPMENT_TEAM = "";
				ENABLE_NS_ASSERTIONS = NO;
				ENABLE_STRICT_OBJC_MSGSEND = YES;
				GCC_C_LANGUAGE_STANDARD = gnu11;
				GCC_NO_COMMON_BLOCKS = YES;
				GCC_WARN_64_TO_32_BIT_CONVERSION = YES;
				GCC_WARN_ABOUT_RETURN_TYPE = YES_ERROR;
				GCC_WARN_UNDECLARED_SELECTOR = YES;
				GCC_WARN_UNINITIALIZED_AUTOS = YES_AGGRESSIVE;
				GCC_WARN_UNUSED_FUNCTION = YES;
				GCC_WARN_UNUSED_VARIABLE = YES;
				IPHONEOS_DEPLOYMENT_TARGET = 17.0;
				MTL_ENABLE_DEBUG_INFO = NO;
				MTL_FAST_MATH = YES;
				PRODUCT_BUNDLE_IDENTIFIER = local.dev.athkar;
				PRODUCT_NAME = "$(TARGET_NAME)";
				SDKROOT = iphoneos;
				SWIFT_COMPILATION_MODE = wholemodule;
				SWIFT_OPTIMIZATION_LEVEL = "-O";
				SWIFT_VERSION = 6.0;
			};
			name = Release;
		};
		898630E07411A766F4D57912 /* Debug */ = {
			isa = XCBuildConfiguration;
			buildSettings = {
				BUNDLE_LOADER = "$(TEST_HOST)";
				GENERATE_INFOPLIST_FILE = YES;
				LD_RUNPATH_SEARCH_PATHS = (
					"$(inherited)",
					"@executable_path/Frameworks",
					"@loader_path/Frameworks",
				);
				PRODUCT_BUNDLE_IDENTIFIER = local.dev.athkar.uitests;
				SDKROOT = iphoneos;
				TARGETED_DEVICE_FAMILY = "1,2";
				TEST_TARGET_NAME = Athkar;
			};
			name = Debug;
		};
		936E46F5108CE657B8BFC335 /* Release */ = {
			isa = XCBuildConfiguration;
			buildSettings = {
				ASSETCATALOG_COMPILER_APPICON_NAME = AppIcon;
				CODE_SIGN_IDENTITY = "iPhone Developer";
				INFOPLIST_FILE = Athkar/Info.plist;
				LD_RUNPATH_SEARCH_PATHS = (
					"$(inherited)",
					"@executable_path/Frameworks",
				);
				SDKROOT = iphoneos;
				TARGETED_DEVICE_FAMILY = "1,2";
			};
			name = Release;
		};
		CBD0BE639F43C832D44020D5 /* Debug */ = {
			isa = XCBuildConfiguration;
			buildSettings = {
				ASSETCATALOG_COMPILER_APPICON_NAME = AppIcon;
				CODE_SIGN_IDENTITY = "iPhone Developer";
				INFOPLIST_FILE = Athkar/Info.plist;
				LD_RUNPATH_SEARCH_PATHS = (
					"$(inherited)",
					"@executable_path/Frameworks",
				);
				SDKROOT = iphoneos;
				TARGETED_DEVICE_FAMILY = "1,2";
			};
			name = Debug;
		};
/* End XCBuildConfiguration section */

/* Begin XCConfigurationList section */
		0E797AC932EEF1BAC2DC7E9E /* Build configuration list for PBXProject "Athkar" */ = {
			isa = XCConfigurationList;
			buildConfigurations = (
				5CEB8AA952767989D2D6C152 /* Debug */,
				7935F6788CE42E8AD5CC68CF /* Release */,
			);
			defaultConfigurationIsVisible = 0;
			defaultConfigurationName = Debug;
		};
		7EB466123F86589B1AA9476A /* Build configuration list for PBXNativeTarget "AthkarUITests" */ = {
			isa = XCConfigurationList;
			buildConfigurations = (
				898630E07411A766F4D57912 /* Debug */,
				4C9EE203FBF828D35EE74DAD /* Release */,
			);
			defaultConfigurationIsVisible = 0;
			defaultConfigurationName = Debug;
		};
		E901E7F1BD6ECE9AC3112533 /* Build configuration list for PBXNativeTarget "Athkar" */ = {
			isa = XCConfigurationList;
			buildConfigurations = (
				CBD0BE639F43C832D44020D5 /* Debug */,
				936E46F5108CE657B8BFC335 /* Release */,
			);
			defaultConfigurationIsVisible = 0;
			defaultConfigurationName = Debug;
		};
/* End XCConfigurationList section */

/* Begin XCLocalSwiftPackageReference section */
		2DC4FF0EE5F47402FDD1FBE0 /* XCLocalSwiftPackageReference "AthkarCore" */ = {
			isa = XCLocalSwiftPackageReference;
			relativePath = AthkarCore;
		};
/* End XCLocalSwiftPackageReference section */

/* Begin XCSwiftPackageProductDependency section */
		E6B3694BE1E4F864C8A979F8 /* AthkarCore */ = {
			isa = XCSwiftPackageProductDependency;
			productName = AthkarCore;
		};
/* End XCSwiftPackageProductDependency section */
	};
	rootObject = 689A1A5DE3480CCF8BBD4E14 /* Project object */;
}
